// !$*UTF8*$!
{
	archiveVersion = 1;
	classes = {
	};
	objectVersion = 77;
	objects = {

/* Begin PBXContainerItemProxy section */
		D1599F812D1AA60B00AF176A /* PBXContainerItemProxy */ = {
			isa = PBXContainerItemProxy;
			containerPortal = D1599F682D1AA60A00AF176A /* Project object */;
			proxyType = 1;
			remoteGlobalIDString = D1599F6F2D1AA60A00AF176A;
			remoteInfo = SampleApIWithSolidMVVMSwiftUIApp;
		};
		D1599F8B2D1AA60B00AF176A /* PBXContainerItemProxy */ = {
			isa = PBXContainerItemProxy;
			containerPortal = D1599F682D1AA60A00AF176A /* Project object */;
			proxyType = 1;
			remoteGlobalIDString = D1599F6F2D1AA60A00AF176A;
			remoteInfo = SampleApIWithSolidMVVMSwiftUIApp;
		};
/* End PBXContainerItemProxy section */

/* Begin PBXFileReference section */
		D1599F702D1AA60A00AF176A /* SampleApIWithSolidMVVMSwiftUIApp.app */ = {isa = PBXFileReference; explicitFileType = wrapper.application; includeInIndex = 0; path = SampleApIWithSolidMVVMSwiftUIApp.app; sourceTree = BUILT_PRODUCTS_DIR; };
		D1599F802D1AA60B00AF176A /* SampleApIWithSolidMVVMSwiftUIAppTests.xctest */ = {isa = PBXFileReference; explicitFileType = wrapper.cfbundle; includeInIndex = 0; path = SampleApIWithSolidMVVMSwiftUIAppTests.xctest; sourceTree = BUILT_PRODUCTS_DIR; };
		D1599F8A2D1AA60B00AF176A /* SampleApIWithSolidMVVMSwiftUIAppUITests.xctest */ = {isa = PBXFileReference; explicitFileType = wrapper.cfbundle; includeInIndex = 0; path = SampleApIWithSolidMVVMSwiftUIAppUITests.xctest; sourceTree = BUILT_PRODUCTS_DIR; };
/* End PBXFileReference section */

/* Begin PBXFileSystemSynchronizedRootGroup section */
		D1599F722D1AA60A00AF176A /* SampleApIWithSolidMVVMSwiftUIApp */ = {
			isa = PBXFileSystemSynchronizedRootGroup;
			path = SampleApIWithSolidMVVMSwiftUIApp;
			sourceTree = "<group>";
		};
		D1599F832D1AA60B00AF176A /* SampleApIWithSolidMVVMSwiftUIAppTests */ = {
			isa = PBXFileSystemSynchronizedRootGroup;
			path = SampleApIWithSolidMVVMSwiftUIAppTests;
			sourceTree = "<group>";
		};
		D1599F8D2D1AA60B00AF176A /* SampleApIWithSolidMVVMSwiftUIAppUITests */ = {
			isa = PBXFileSystemSynchronizedRootGroup;
			path = SampleApIWithSolidMVVMSwiftUIAppUITests;
			sourceTree = "<group>";
		};
/* End PBXFileSystemSynchronizedRootGroup section */

/* Begin PBXFrameworksBuildPhase section */
		D1599F6D2D1AA60A00AF176A /* Frameworks */ = {
			isa = PBXFrameworksBuildPhase;
			buildActionMask = 2147483647;
			files = (
			);
			runOnlyForDeploymentPostprocessing = 0;
		};
		D1599F7D2D1AA60B00AF176A /* Frameworks */ = {
			isa = PBXFrameworksBuildPhase;
			buildActionMask = 2147483647;
			files = (
			);
			runOnlyForDeploymentPostprocessing = 0;
		};
		D1599F872D1AA60B00AF176A /* Frameworks */ = {
			isa = PBXFrameworksBuildPhase;
			buildActionMask = 2147483647;
			files = (
			);
			runOnlyForDeploymentPostprocessing = 0;
		};
/* End PBXFrameworksBuildPhase section */

/* Begin PBXGroup section */
		D1599F672D1AA60A00AF176A = {
			isa = PBXGroup;
			children = (
				D1599F722D1AA60A00AF176A /* SampleApIWithSolidMVVMSwiftUIApp */,
				D1599F832D1AA60B00AF176A /* SampleApIWithSolidMVVMSwiftUIAppTests */,
				D1599F8D2D1AA60B00AF176A /* SampleApIWithSolidMVVMSwiftUIAppUITests */,
				D1599F712D1AA60A00AF176A /* Products */,
			);
			sourceTree = "<group>";
		};
		D1599F712D1AA60A00AF176A /* Products */ = {
			isa = PBXGroup;
			children = (
				D1599F702D1AA60A00AF176A /* SampleApIWithSolidMVVMSwiftUIApp.app */,
				D1599F802D1AA60B00AF176A /* SampleApIWithSolidMVVMSwiftUIAppTests.xctest */,
				D1599F8A2D1AA60B00AF176A /* SampleApIWithSolidMVVMSwiftUIAppUITests.xctest */,
			);
			name = Products;
			sourceTree = "<group>";
		};
/* End PBXGroup section */

/* Begin PBXNativeTarget section */
		D1599F6F2D1AA60A00AF176A /* SampleApIWithSolidMVVMSwiftUIApp */ = {
			isa = PBXNativeTarget;
			buildConfigurationList = D1599F942D1AA60B00AF176A /* Build configuration list for PBXNativeTarget "SampleApIWithSolidMVVMSwiftUIApp" */;
			buildPhases = (
				D1599F6C2D1AA60A00AF176A /* Sources */,
				D1599F6D2D1AA60A00AF176A /* Frameworks */,
				D1599F6E2D1AA60A00AF176A /* Resources */,
			);
			buildRules = (
			);
			dependencies = (
			);
			fileSystemSynchronizedGroups = (
				D1599F722D1AA60A00AF176A /* SampleApIWithSolidMVVMSwiftUIApp */,
			);
			name = SampleApIWithSolidMVVMSwiftUIApp;
			packageProductDependencies = (
			);
			productName = SampleApIWithSolidMVVMSwiftUIApp;
			productReference = D1599F702D1AA60A00AF176A /* SampleApIWithSolidMVVMSwiftUIApp.app */;
			productType = "com.apple.product-type.application";
		};
		D1599F7F2D1AA60B00AF176A /* SampleApIWithSolidMVVMSwiftUIAppTests */ = {
			isa = PBXNativeTarget;
			buildConfigurationList = D1599F972D1AA60B00AF176A /* Build configuration list for PBXNativeTarget "SampleApIWithSolidMVVMSwiftUIAppTests" */;
			buildPhases = (
				D1599F7C2D1AA60B00AF176A /* Sources */,
				D1599F7D2D1AA60B00AF176A /* Frameworks */,
				D1599F7E2D1AA60B00AF176A /* Resources */,
			);
			buildRules = (
			);
			dependencies = (
				D1599F822D1AA60B00AF176A /* PBXTargetDependency */,
			);
			fileSystemSynchronizedGroups = (
				D1599F832D1AA60B00AF176A /* SampleApIWithSolidMVVMSwiftUIAppTests */,
			);
			name = SampleApIWithSolidMVVMSwiftUIAppTests;
			packageProductDependencies = (
			);
			productName = SampleApIWithSolidMVVMSwiftUIAppTests;
			productReference = D1599F802D1AA60B00AF176A /* SampleApIWithSolidMVVMSwiftUIAppTests.xctest */;
			productType = "com.apple.product-type.bundle.unit-test";
		};
		D1599F892D1AA60B00AF176A /* SampleApIWithSolidMVVMSwiftUIAppUITests */ = {
			isa = PBXNativeTarget;
			buildConfigurationList = D1599F9A2D1AA60B00AF176A /* Build configuration list for PBXNativeTarget "SampleApIWithSolidMVVMSwiftUIAppUITests" */;
			buildPhases = (
				D1599F862D1AA60B00AF176A /* Sources */,
				D1599F872D1AA60B00AF176A /* Frameworks */,
				D1599F882D1AA60B00AF176A /* Resources */,
			);
			buildRules = (
			);
			dependencies = (
				D1599F8C2D1AA60B00AF176A /* PBXTargetDependency */,
			);
			fileSystemSynchronizedGroups = (
				D1599F8D2D1AA60B00AF176A /* SampleApIWithSolidMVVMSwiftUIAppUITests */,
			);
			name = SampleApIWithSolidMVVMSwiftUIAppUITests;
			packageProductDependencies = (
			);
			productName = SampleApIWithSolidMVVMSwiftUIAppUITests;
			productReference = D1599F8A2D1AA60B00AF176A /* SampleApIWithSolidMVVMSwiftUIAppUITests.xctest */;
			productType = "com.apple.product-type.bundle.ui-testing";
		};
/* End PBXNativeTarget section */

/* Begin PBXProject section */
		D1599F682D1AA60A00AF176A /* Project object */ = {
			isa = PBXProject;
			attributes = {
				BuildIndependentTargetsInParallel = 1;
				LastSwiftUpdateCheck = 1610;
				LastUpgradeCheck = 1610;
				TargetAttributes = {
					D1599F6F2D1AA60A00AF176A = {
						CreatedOnToolsVersion = 16.1;
					};
					D1599F7F2D1AA60B00AF176A = {
						CreatedOnToolsVersion = 16.1;
						TestTargetID = D1599F6F2D1AA60A00AF176A;
					};
					D1599F892D1AA60B00AF176A = {
						CreatedOnToolsVersion = 16.1;
						TestTargetID = D1599F6F2D1AA60A00AF176A;
					};
				};
			};
			buildConfigurationList = D1599F6B2D1AA60A00AF176A /* Build configuration list for PBXProject "SampleApIWithSolidMVVMSwiftUIApp" */;
			developmentRegion = en;
			hasScannedForEncodings = 0;
			knownRegions = (
				en,
				Base,
			);
			mainGroup = D1599F672D1AA60A00AF176A;
			minimizedProjectReferenceProxies = 1;
			preferredProjectObjectVersion = 77;
			productRefGroup = D1599F712D1AA60A00AF176A /* Products */;
			projectDirPath = "";
			projectRoot = "";
			targets = (
				D1599F6F2D1AA60A00AF176A /* SampleApIWithSolidMVVMSwiftUIApp */,
				D1599F7F2D1AA60B00AF176A /* SampleApIWithSolidMVVMSwiftUIAppTests */,
				D1599F892D1AA60B00AF176A /* SampleApIWithSolidMVVMSwiftUIAppUITests */,
			);
		};
/* End PBXProject section */

/* Begin PBXResourcesBuildPhase section */
		D1599F6E2D1AA60A00AF176A /* Resources */ = {
			isa = PBXResourcesBuildPhase;
			buildActionMask = 2147483647;
			files = (
			);
			runOnlyForDeploymentPostprocessing = 0;
		};
		D1599F7E2D1AA60B00AF176A /* Resources */ = {
			isa = PBXResourcesBuildPhase;
			buildActionMask = 2147483647;
			files = (
			);
			runOnlyForDeploymentPostprocessing = 0;
		};
		D1599F882D1AA60B00AF176A /* Resources */ = {
			isa = PBXResourcesBuildPhase;
			buildActionMask = 2147483647;
			files = (
			);
			runOnlyForDeploymentPostprocessing = 0;
		};
/* End PBXResourcesBuildPhase section */

/* Begin PBXSourcesBuildPhase section */
		D1599F6C2D1AA60A00AF176A /* Sources */ = {
			isa = PBXSourcesBuildPhase;
			buildActionMask = 2147483647;
			files = (
			);
			runOnlyForDeploymentPostprocessing = 0;
		};
		D1599F7C2D1AA60B00AF176A /* Sources */ = {
			isa = PBXSourcesBuildPhase;
			buildActionMask = 2147483647;
			files = (
			);
			runOnlyForDeploymentPostprocessing = 0;
		};
		D1599F862D1AA60B00AF176A /* Sources */ = {
			isa = PBXSourcesBuildPhase;
			buildActionMask = 2147483647;
			files = (
			);
			runOnlyForDeploymentPostprocessing = 0;
		};
/* End PBXSourcesBuildPhase section */

/* Begin PBXTargetDependency section */
		D1599F822D1AA60B00AF176A /* PBXTargetDependency */ = {
			isa = PBXTargetDependency;
			target = D1599F6F2D1AA60A00AF176A /* SampleApIWithSolidMVVMSwiftUIApp */;
			targetProxy = D1599F812D1AA60B00AF176A /* PBXContainerItemProxy */;
		};
		D1599F8C2D1AA60B00AF176A /* PBXTargetDependency */ = {
			isa = PBXTargetDependency;
			target = D1599F6F2D1AA60A00AF176A /* SampleApIWithSolidMVVMSwiftUIApp */;
			targetProxy = D1599F8B2D1AA60B00AF176A /* PBXContainerItemProxy */;
		};
/* End PBXTargetDependency section */

/* Begin XCBuildConfiguration section */
		D1599F922D1AA60B00AF176A /* Debug */ = {
			isa = XCBuildConfiguration;
			buildSettings = {
				ALWAYS_SEARCH_USER_PATHS = NO;
				ASSETCATALOG_COMPILER_GENERATE_SWIFT_ASSET_SYMBOL_EXTENSIONS = YES;
				CLANG_ANALYZER_NONNULL = YES;
				CLANG_ANALYZER_NUMBER_OBJECT_CONVERSION = YES_AGGRESSIVE;
				CLANG_CXX_LANGUAGE_STANDARD = "gnu++20";
				CLANG_ENABLE_MODULES = YES;
				CLANG_ENABLE_OBJC_ARC = YES;
				CLANG_ENABLE_OBJC_WEAK = YES;
				CLANG_WARN_BLOCK_CAPTURE_AUTORELEASING = YES;
				CLANG_WARN_BOOL_CONVERSION = YES;
				CLANG_WARN_COMMA = YES;
				CLANG_WARN_CONSTANT_CONVERSION = YES;
				CLANG_WARN_DEPRECATED_OBJC_IMPLEMENTATIONS = YES;
				CLANG_WARN_DIRECT_OBJC_ISA_USAGE = YES_ERROR;
				CLANG_WARN_DOCUMENTATION_COMMENTS = YES;
				CLANG_WARN_EMPTY_BODY = YES;
				CLANG_WARN_ENUM_CONVERSION = YES;
				CLANG_WARN_INFINITE_RECURSION = YES;
				CLANG_WARN_INT_CONVERSION = YES;
				CLANG_WARN_NON_LITERAL_NULL_CONVERSION = YES;
				CLANG_WARN_OBJC_IMPLICIT_RETAIN_SELF = YES;
				CLANG_WARN_OBJC_LITERAL_CONVERSION = YES;
				CLANG_WARN_OBJC_ROOT_CLASS = YES_ERROR;
				CLANG_WARN_QUOTED_INCLUDE_IN_FRAMEWORK_HEADER = YES;
				CLANG_WARN_RANGE_LOOP_ANALYSIS = YES;
				CLANG_WARN_STRICT_PROTOTYPES = YES;
				CLANG_WARN_SUSPICIOUS_MOVE = YES;
				CLANG_WARN_UNGUARDED_AVAILABILITY = YES_AGGRESSIVE;
				CLANG_WARN_UNREACHABLE_CODE = YES;
				CLANG_WARN__DUPLICATE_METHOD_MATCH = YES;
				COPY_PHASE_STRIP = NO;
				DEBUG_INFORMATION_FORMAT = dwarf;
				ENABLE_STRICT_OBJC_MSGSEND = YES;
				ENABLE_TESTABILITY = YES;
				ENABLE_USER_SCRIPT_SANDBOXING = YES;
				GCC_C_LANGUAGE_STANDARD = gnu17;
				GCC_DYNAMIC_NO_PIC = NO;
				GCC_NO_COMMON_BLOCKS = YES;
				GCC_OPTIMIZATION_LEVEL = 0;
				GCC_PREPROCESSOR_DEFINITIONS = (
					"DEBUG=1",
					"$(inherited)",
				);
				GCC_WARN_64_TO_32_BIT_CONVERSION = YES;
				GCC_WARN_ABOUT_RETURN_TYPE = YES_ERROR;
				GCC_WARN_UNDECLARED_SELECTOR = YES;
				GCC_WARN_UNINITIALIZED_AUTOS = YES_AGGRESSIVE;
				GCC_WARN_UNUSED_FUNCTION = YES;
				GCC_WARN_UNUSED_VARIABLE = YES;
				IPHONEOS_DEPLOYMENT_TARGET = 18.1;
				LOCALIZATION_PREFERS_STRING_CATALOGS = YES;
				MTL_ENABLE_DEBUG_INFO = INCLUDE_SOURCE;
				MTL_FAST_MATH = YES;
				ONLY_ACTIVE_ARCH = YES;
				SDKROOT = iphoneos;
				SWIFT_ACTIVE_COMPILATION_CONDITIONS = "DEBUG $(inherited)";
				SWIFT_OPTIMIZATION_LEVEL = "-Onone";
			};
			name = Debug;
		};
		D1599F932D1AA60B00AF176A /* Release */ = {
			isa = XCBuildConfiguration;
			buildSettings = {
				ALWAYS_SEARCH_USER_PATHS = NO;
				ASSETCATALOG_COMPILER_GENERATE_SWIFT_ASSET_SYMBOL_EXTENSIONS = YES;
				CLANG_ANALYZER_NONNULL = YES;
				CLANG_ANALYZER_NUMBER_OBJECT_CONVERSION = YES_AGGRESSIVE;
				CLANG_CXX_LANGUAGE_STANDARD = "gnu++20";
				CLANG_ENABLE_MODULES = YES;
				CLANG_ENABLE_OBJC_ARC = YES;
				CLANG_ENABLE_OBJC_WEAK = YES;
				CLANG_WARN_BLOCK_CAPTURE_AUTORELEASING = YES;
				CLANG_WARN_BOOL_CONVERSION = YES;
				CLANG_WARN_COMMA = YES;
				CLANG_WARN_CONSTANT_CONVERSION = YES;
				CLANG_WARN_DEPRECATED_OBJC_IMPLEMENTATIONS = YES;
				CLANG_WARN_DIRECT_OBJC_ISA_USAGE = YES_ERROR;
				CLANG_WARN_DOCUMENTATION_COMMENTS = YES;
				CLANG_WARN_EMPTY_BODY = YES;
				CLANG_WARN_ENUM_CONVERSION = YES;
				CLANG_WARN_INFINITE_RECURSION = YES;
				CLANG_WARN_INT_CONVERSION = YES;
				CLANG_WARN_NON_LITERAL_NULL_CONVERSION = YES;
				CLANG_WARN_OBJC_IMPLICIT_RETAIN_SELF = YES;
				CLANG_WARN_OBJC_LITERAL_CONVERSION = YES;
				CLANG_WARN_OBJC_ROOT_CLASS = YES_ERROR;
				CLANG_WARN_QUOTED_INCLUDE_IN_FRAMEWORK_HEADER = YES;
				CLANG_WARN_RANGE_LOOP_ANALYSIS = YES;
				CLANG_WARN_STRICT_PROTOTYPES = YES;
				CLANG_WARN_SUSPICIOUS_MOVE = YES;
				CLANG_WARN_UNGUARDED_AVAILABILITY = YES_AGGRESSIVE;
				CLANG_WARN_UNREACHABLE_CODE = YES;
				CLANG_WARN__DUPLICATE_METHOD_MATCH = YES;
				COPY_PHASE_STRIP = NO;
				DEBUG_INFORMATION_FORMAT = "dwarf-with-dsym";
				ENABLE_NS_ASSERTIONS = NO;
				ENABLE_STRICT_OBJC_MSGSEND = YES;
				ENABLE_USER_SCRIPT_SANDBOXING = YES;
				GCC_C_LANGUAGE_STANDARD = gnu17;
				GCC_NO_COMMON_BLOCKS = YES;
				GCC_WARN_64_TO_32_BIT_CONVERSION = YES;
				GCC_WARN_ABOUT_RETURN_TYPE = YES_ERROR;
				GCC_WARN_UNDECLARED_SELECTOR = YES;
				GCC_WARN_UNINITIALIZED_AUTOS = YES_AGGRESSIVE;
				GCC_WARN_UNUSED_FUNCTION = YES;
				GCC_WARN_UNUSED_VARIABLE = YES;
				IPHONEOS_DEPLOYMENT_TARGET = 18.1;
				LOCALIZATION_PREFERS_STRING_CATALOGS = YES;
				MTL_ENABLE_DEBUG_INFO = NO;
				MTL_FAST_MATH = YES;
				SDKROOT = iphoneos;
				SWIFT_COMPILATION_MODE = wholemodule;
				VALIDATE_PRODUCT = YES;
			};
			name = Release;
		};
		D1599F952D1AA60B00AF176A /* Debug */ = {
			isa = XCBuildConfiguration;
			buildSettings = {
				ASSETCATALOG_COMPILER_APPICON_NAME = AppIcon;
				ASSETCATALOG_COMPILER_GLOBAL_ACCENT_COLOR_NAME = AccentColor;
				CODE_SIGN_STYLE = Automatic;
				CURRENT_PROJECT_VERSION = 1;
				DEVELOPMENT_ASSET_PATHS = "\"SampleApIWithSolidMVVMSwiftUIApp/Preview Content\"";
				ENABLE_PREVIEWS = YES;
				GENERATE_INFOPLIST_FILE = YES;
				INFOPLIST_KEY_UIApplicationSceneManifest_Generation = YES;
				INFOPLIST_KEY_UIApplicationSupportsIndirectInputEvents = YES;
				INFOPLIST_KEY_UILaunchScreen_Generation = YES;
				INFOPLIST_KEY_UISupportedInterfaceOrientations_iPad = "UIInterfaceOrientationPortrait UIInterfaceOrientationPortraitUpsideDown UIInterfaceOrientationLandscapeLeft UIInterfaceOrientationLandscapeRight";
				INFOPLIST_KEY_UISupportedInterfaceOrientations_iPhone = "UIInterfaceOrientationPortrait UIInterfaceOrientationLandscapeLeft UIInterfaceOrientationLandscapeRight";
				LD_RUNPATH_SEARCH_PATHS = (
					"$(inherited)",
					"@executable_path/Frameworks",
				);
				MARKETING_VERSION = 1.0;
				PRODUCT_BUNDLE_IDENTIFIER = com.example.SampleApIWithSolidMVVMSwiftUIApp;
				PRODUCT_NAME = "$(TARGET_NAME)";
				SWIFT_EMIT_LOC_STRINGS = YES;
				SWIFT_VERSION = 5.0;
				TARGETED_DEVICE_FAMILY = "1,2";
			};
			name = Debug;
		};
		D1599F962D1AA60B00AF176A /* Release */ = {
			isa = XCBuildConfiguration;
			buildSettings = {
				ASSETCATALOG_COMPILER_APPICON_NAME = AppIcon;
				ASSETCATALOG_COMPILER_GLOBAL_ACCENT_COLOR_NAME = AccentColor;
				CODE_SIGN_STYLE = Automatic;
				CURRENT_PROJECT_VERSION = 1;
				DEVELOPMENT_ASSET_PATHS = "\"SampleApIWithSolidMVVMSwiftUIApp/Preview Content\"";
				ENABLE_PREVIEWS = YES;
				GENERATE_INFOPLIST_FILE = YES;
				INFOPLIST_KEY_UIApplicationSceneManifest_Generation = YES;
				INFOPLIST_KEY_UIApplicationSupportsIndirectInputEvents = YES;
				INFOPLIST_KEY_UILaunchScreen_Generation = YES;
				INFOPLIST_KEY_UISupportedInterfaceOrientations_iPad = "UIInterfaceOrientationPortrait UIInterfaceOrientationPortraitUpsideDown UIInterfaceOrientationLandscapeLeft UIInterfaceOrientationLandscapeRight";
				INFOPLIST_KEY_UISupportedInterfaceOrientations_iPhone = "UIInterfaceOrientationPortrait UIInterfaceOrientationLandscapeLeft UIInterfaceOrientationLandscapeRight";
				LD_RUNPATH_SEARCH_PATHS = (
					"$(inherited)",
					"@executable_path/Frameworks",
				);
				MARKETING_VERSION = 1.0;
				PRODUCT_BUNDLE_IDENTIFIER = com.example.SampleApIWithSolidMVVMSwiftUIApp;
				PRODUCT_NAME = "$(TARGET_NAME)";
				SWIFT_EMIT_LOC_STRINGS = YES;
				SWIFT_VERSION = 5.0;
				TARGETED_DEVICE_FAMILY = "1,2";
			};
			name = Release;
		};
		D1599F982D1AA60B00AF176A /* Debug */ = {
			isa = XCBuildConfiguration;
			buildSettings = {
				BUNDLE_LOADER = "$(TEST_HOST)";
				CODE_SIGN_STYLE = Automatic;
				CURRENT_PROJECT_VERSION = 1;
				GENERATE_INFOPLIST_FILE = YES;
				IPHONEOS_DEPLOYMENT_TARGET = 18.1;
				MARKETING_VERSION = 1.0;
				PRODUCT_BUNDLE_IDENTIFIER = com.example.SampleApIWithSolidMVVMSwiftUIAppTests;
				PRODUCT_NAME = "$(TARGET_NAME)";
				SWIFT_EMIT_LOC_STRINGS = NO;
				SWIFT_VERSION = 5.0;
				TARGETED_DEVICE_FAMILY = "1,2";
				TEST_HOST = "$(BUILT_PRODUCTS_DIR)/SampleApIWithSolidMVVMSwiftUIApp.app/$(BUNDLE_EXECUTABLE_FOLDER_PATH)/SampleApIWithSolidMVVMSwiftUIApp";
			};
			name = Debug;
		};
		D1599F992D1AA60B00AF176A /* Release */ = {
			isa = XCBuildConfiguration;
			buildSettings = {
				BUNDLE_LOADER = "$(TEST_HOST)";
				CODE_SIGN_STYLE = Automatic;
				CURRENT_PROJECT_VERSION = 1;
				GENERATE_INFOPLIST_FILE = YES;
				IPHONEOS_DEPLOYMENT_TARGET = 18.1;
				MARKETING_VERSION = 1.0;
				PRODUCT_BUNDLE_IDENTIFIER = com.example.SampleApIWithSolidMVVMSwiftUIAppTests;
				PRODUCT_NAME = "$(TARGET_NAME)";
				SWIFT_EMIT_LOC_STRINGS = NO;
				SWIFT_VERSION = 5.0;
				TARGETED_DEVICE_FAMILY = "1,2";
				TEST_HOST = "$(BUILT_PRODUCTS_DIR)/SampleApIWithSolidMVVMSwiftUIApp.app/$(BUNDLE_EXECUTABLE_FOLDER_PATH)/SampleApIWithSolidMVVMSwiftUIApp";
			};
			name = Release;
		};
		D1599F9B2D1AA60B00AF176A /* Debug */ = {
			isa = XCBuildConfiguration;
			buildSettings = {
				CODE_SIGN_STYLE = Automatic;
				CURRENT_PROJECT_VERSION = 1;
				GENERATE_INFOPLIST_FILE = YES;
				MARKETING_VERSION = 1.0;
				PRODUCT_BUNDLE_IDENTIFIER = com.example.SampleApIWithSolidMVVMSwiftUIAppUITests;
				PRODUCT_NAME = "$(TARGET_NAME)";
				SWIFT_EMIT_LOC_STRINGS = NO;
				SWIFT_VERSION = 5.0;
				TARGETED_DEVICE_FAMILY = "1,2";
				TEST_TARGET_NAME = SampleApIWithSolidMVVMSwiftUIApp;
			};
			name = Debug;
		};
		D1599F9C2D1AA60B00AF176A /* Release */ = {
			isa = XCBuildConfiguration;
			buildSettings = {
				CODE_SIGN_STYLE = Automatic;
				CURRENT_PROJECT_VERSION = 1;
				GENERATE_INFOPLIST_FILE = YES;
				MARKETING_VERSION = 1.0;
				PRODUCT_BUNDLE_IDENTIFIER = com.example.SampleApIWithSolidMVVMSwiftUIAppUITests;
				PRODUCT_NAME = "$(TARGET_NAME)";
				SWIFT_EMIT_LOC_STRINGS = NO;
				SWIFT_VERSION = 5.0;
				TARGETED_DEVICE_FAMILY = "1,2";
				TEST_TARGET_NAME = SampleApIWithSolidMVVMSwiftUIApp;
			};
			name = Release;
		};
/* End XCBuildConfiguration section */

/* Begin XCConfigurationList section */
		D1599F6B2D1AA60A00AF176A /* Build configuration list for PBXProject "SampleApIWithSolidMVVMSwiftUIApp" */ = {
			isa = XCConfigurationList;
			buildConfigurations = (
				D1599F922D1AA60B00AF176A /* Debug */,
				D1599F932D1AA60B00AF176A /* Release */,
			);
			defaultConfigurationIsVisible = 0;
			defaultConfigurationName = Release;
		};
		D1599F942D1AA60B00AF176A /* Build configuration list for PBXNativeTarget "SampleApIWithSolidMVVMSwiftUIApp" */ = {
			isa = XCConfigurationList;
			buildConfigurations = (
				D1599F952D1AA60B00AF176A /* Debug */,
				D1599F962D1AA60B00AF176A /* Release */,
			);
			defaultConfigurationIsVisible = 0;
			defaultConfigurationName = Release;
		};
		D1599F972D1AA60B00AF176A /* Build configuration list for PBXNativeTarget "SampleApIWithSolidMVVMSwiftUIAppTests" */ = {
			isa = XCConfigurationList;
			buildConfigurations = (
				D1599F982D1AA60B00AF176A /* Debug */,
				D1599F992D1AA60B00AF176A /* Release */,
			);
			defaultConfigurationIsVisible = 0;
			defaultConfigurationName = Release;
		};
		D1599F9A2D1AA60B00AF176A /* Build configuration list for PBXNativeTarget "SampleApIWithSolidMVVMSwiftUIAppUITests" */ = {
			isa = XCConfigurationList;
			buildConfigurations = (
				D1599F9B2D1AA60B00AF176A /* Debug */,
				D1599F9C2D1AA60B00AF176A /* Release */,
			);
			defaultConfigurationIsVisible = 0;
			defaultConfigurationName = Release;
		};
/* End XCConfigurationList section */
	};
	rootObject = D1599F682D1AA60A00AF176A /* Project object */;
}
